
Microsoft Visual Studio Solution File, Format Version 12.00
# Visual Studio 15
VisualStudioVersion = 15.0.27428.2005
MinimumVisualStudioVersion = 10.0.40219.1
Project("{2150E333-8FDC-42A3-9474-1A3956D46DE8}") = "Engine", "Engine", "{82E5C11B-A56C-439F-A95A-91AAB53427ED}"
EndProject
Project("{2150E333-8FDC-42A3-9474-1A3956D46DE8}") = "Games", "Games", "{414E7230-DCCC-41B8-8842-579FCC776631}"
EndProject
Project("{8BC9CEB8-8B4A-11D0-8D11-00A0C91BC942}") = "UE4", "Intermediate\ProjectFiles\UE4.vcxproj", "{B3E93641-B3A4-4183-9817-9BE8082696BD}"
EndProject
Project("{8BC9CEB8-8B4A-11D0-8D11-00A0C91BC942}") = "Pong", "Intermediate\ProjectFiles\Pong.vcxproj", "{7435CA3A-8498-49CC-83AA-8C3FE1BAAC0B}"
EndProject
Global
	GlobalSection(SolutionConfigurationPlatforms) = preSolution
		DebugGame Editor|Win32 = DebugGame Editor|Win32
		DebugGame Editor|Win64 = DebugGame Editor|Win64
		DebugGame|Win32 = DebugGame|Win32
		DebugGame|Win64 = DebugGame|Win64
		Development Editor|Win32 = Development Editor|Win32
		Development Editor|Win64 = Development Editor|Win64
		Development|Win32 = Development|Win32
		Development|Win64 = Development|Win64
		Shipping|Win32 = Shipping|Win32
		Shipping|Win64 = Shipping|Win64
	EndGlobalSection
	GlobalSection(ProjectConfigurationPlatforms) = postSolution
		{B3E93641-B3A4-4183-9817-9BE8082696BD}.DebugGame Editor|Win32.ActiveCfg = BuiltWithUnrealBuildTool|Win32
		{B3E93641-B3A4-4183-9817-9BE8082696BD}.DebugGame Editor|Win32.Build.0 = BuiltWithUnrealBuildTool|Win32
		{B3E93641-B3A4-4183-9817-9BE8082696BD}.DebugGame Editor|Win64.ActiveCfg = BuiltWithUnrealBuildTool|Win32
		{B3E93641-B3A4-4183-9817-9BE8082696BD}.DebugGame Editor|Win64.Build.0 = BuiltWithUnrealBuildTool|Win32
		{B3E93641-B3A4-4183-9817-9BE8082696BD}.DebugGame|Win32.ActiveCfg = BuiltWithUnrealBuildTool|Win32
		{B3E93641-B3A4-4183-9817-9BE8082696BD}.DebugGame|Win32.Build.0 = BuiltWithUnrealBuildTool|Win32
		{B3E93641-B3A4-4183-9817-9BE8082696BD}.DebugGame|Win64.ActiveCfg = BuiltWithUnrealBuildTool|Win32
		{B3E93641-B3A4-4183-9817-9BE8082696BD}.DebugGame|Win64.Build.0 = BuiltWithUnrealBuildTool|Win32
		{B3E93641-B3A4-4183-9817-9BE8082696BD}.Development Editor|Win32.ActiveCfg = BuiltWithUnrealBuildTool|Win32
		{B3E93641-B3A4-4183-9817-9BE8082696BD}.Development Editor|Win32.Build.0 = BuiltWithUnrealBuildTool|Win32
		{B3E93641-B3A4-4183-9817-9BE8082696BD}.Development Editor|Win64.ActiveCfg = BuiltWithUnrealBuildTool|Win32
		{B3E93641-B3A4-4183-9817-9BE8082696BD}.Development Editor|Win64.Build.0 = BuiltWithUnrealBuildTool|Win32
		{B3E93641-B3A4-4183-9817-9BE8082696BD}.Development|Win32.ActiveCfg = BuiltWithUnrealBuildTool|Win32
		{B3E93641-B3A4-4183-9817-9BE8082696BD}.Development|Win32.Build.0 = BuiltWithUnrealBuildTool|Win32
		{B3E93641-B3A4-4183-9817-9BE8082696BD}.Development|Win64.ActiveCfg = BuiltWithUnrealBuildTool|Win32
		{B3E93641-B3A4-4183-9817-9BE8082696BD}.Development|Win64.Build.0 = BuiltWithUnrealBuildTool|Win32
		{B3E93641-B3A4-4183-9817-9BE8082696BD}.Shipping|Win32.ActiveCfg = BuiltWithUnrealBuildTool|Win32
		{B3E93641-B3A4-4183-9817-9BE8082696BD}.Shipping|Win32.Build.0 = BuiltWithUnrealBuildTool|Win32
		{B3E93641-B3A4-4183-9817-9BE8082696BD}.Shipping|Win64.ActiveCfg = BuiltWithUnrealBuildTool|Win32
		{B3E93641-B3A4-4183-9817-9BE8082696BD}.Shipping|Win64.Build.0 = BuiltWithUnrealBuildTool|Win32
		{7435CA3A-8498-49CC-83AA-8C3FE1BAAC0B}.DebugGame Editor|Win32.ActiveCfg = DebugGame_Editor|Win32
		{7435CA3A-8498-49CC-83AA-8C3FE1BAAC0B}.DebugGame Editor|Win64.ActiveCfg = DebugGame_Editor|x64
		{7435CA3A-8498-49CC-83AA-8C3FE1BAAC0B}.DebugGame Editor|Win64.Build.0 = DebugGame_Editor|x64
		{7435CA3A-8498-49CC-83AA-8C3FE1BAAC0B}.DebugGame|Win32.ActiveCfg = DebugGame_Game|Win32
		{7435CA3A-8498-49CC-83AA-8C3FE1BAAC0B}.DebugGame|Win32.Build.0 = DebugGame_Game|Win32
		{7435CA3A-8498-49CC-83AA-8C3FE1BAAC0B}.DebugGame|Win64.ActiveCfg = DebugGame_Game|x64
		{7435CA3A-8498-49CC-83AA-8C3FE1BAAC0B}.DebugGame|Win64.Build.0 = DebugGame_Game|x64
		{7435CA3A-8498-49CC-83AA-8C3FE1BAAC0B}.Development Editor|Win32.ActiveCfg = Development_Editor|Win32
		{7435CA3A-8498-49CC-83AA-8C3FE1BAAC0B}.Development Editor|Win64.ActiveCfg = Development_Editor|x64
		{7435CA3A-8498-49CC-83AA-8C3FE1BAAC0B}.Development Editor|Win64.Build.0 = Development_Editor|x64
		{7435CA3A-8498-49CC-83AA-8C3FE1BAAC0B}.Development|Win32.ActiveCfg = Development_Game|Win32
		{7435CA3A-8498-49CC-83AA-8C3FE1BAAC0B}.Development|Win32.Build.0 = Development_Game|Win32
		{7435CA3A-8498-49CC-83AA-8C3FE1BAAC0B}.Development|Win64.ActiveCfg = Development_Game|x64
		{7435CA3A-8498-49CC-83AA-8C3FE1BAAC0B}.Development|Win64.Build.0 = Development_Game|x64
		{7435CA3A-8498-49CC-83AA-8C3FE1BAAC0B}.Shipping|Win32.ActiveCfg = Shipping_Game|Win32
		{7435CA3A-8498-49CC-83AA-8C3FE1BAAC0B}.Shipping|Win32.Build.0 = Shipping_Game|Win32
		{7435CA3A-8498-49CC-83AA-8C3FE1BAAC0B}.Shipping|Win64.ActiveCfg = Shipping_Game|x64
		{7435CA3A-8498-49CC-83AA-8C3FE1BAAC0B}.Shipping|Win64.Build.0 = Shipping_Game|x64
	EndGlobalSection
	GlobalSection(SolutionProperties) = preSolution
		HideSolutionNode = FALSE
	EndGlobalSection
	GlobalSection(NestedProjects) = preSolution
		{B3E93641-B3A4-4183-9817-9BE8082696BD} = {82E5C11B-A56C-439F-A95A-91AAB53427ED}
		{7435CA3A-8498-49CC-83AA-8C3FE1BAAC0B} = {414E7230-DCCC-41B8-8842-579FCC776631}
	EndGlobalSection
	GlobalSection(ExtensibilityGlobals) = postSolution
		SolutionGuid = {BE7318D0-9D08-4460-AC53-F83F595E9277}
	EndGlobalSection
EndGlobal
